
Microsoft Visual Studio Solution File, Format Version 12.00
# Visual Studio Version 17
VisualStudioVersion = 17.0.31912.275
MinimumVisualStudioVersion = 10.0.40219.1
Project("{9A19103F-16F7-4668-BE54-9A1E7A4F7556}") = "01-12-02", "01-12-02\01-12-02.csproj", "{765B48D6-014D-40E1-BB06-615A1493642B}"
EndProject
Project("{9A19103F-16F7-4668-BE54-9A1E7A4F7556}") = "02-12-01", "02-12-01\02-12-01.csproj", "{A3BB0FC8-E158-4CF8-9613-863AC75680C1}"
EndProject
Project("{9A19103F-16F7-4668-BE54-9A1E7A4F7556}") = "02-12-02", "02-12-02\02-12-02.csproj", "{FBCC2DD2-E3A7-4C3B-BC81-DB18C61E251A}"
EndProject
Project("{9A19103F-16F7-4668-BE54-9A1E7A4F7556}") = "03-12-01", "03-12-01\03-12-01.csproj", "{7534777C-3CC9-4C21-AE6A-C45C39CE1ED7}"
EndProject
Project("{9A19103F-16F7-4668-BE54-9A1E7A4F7556}") = "03-12-02", "03-12-02\03-12-02.csproj", "{2345EDEE-28B8-41B0-8A30-62C37B6FC199}"
EndProject
Project("{9A19103F-16F7-4668-BE54-9A1E7A4F7556}") = "04-12", "04-12-01\04-12.csproj", "{6CC9FF4E-DF91-41E7-AF6A-0628093B4381}"
EndProject
Project("{9A19103F-16F7-4668-BE54-9A1E7A4F7556}") = "05-12", "05-12\05-12.csproj", "{BF6D6457-3281-46C8-8763-1F728B250AC3}"
EndProject
Project("{9A19103F-16F7-4668-BE54-9A1E7A4F7556}") = "06-12", "06-12\06-12.csproj", "{BA90A661-F0B0-4FC2-B587-76C9A9D63B43}"
EndProject
Project("{9A19103F-16F7-4668-BE54-9A1E7A4F7556}") = "07-12", "07-12\07-12.csproj", "{76D78BF4-A493-48D4-B7AF-4BA5F6F4B3DD}"
EndProject
Project("{9A19103F-16F7-4668-BE54-9A1E7A4F7556}") = "08-12", "08-12\08-12.csproj", "{4C03A250-2042-4C09-8502-2D008F5454FD}"
EndProject
Project("{9A19103F-16F7-4668-BE54-9A1E7A4F7556}") = "01-12-01", "01-12-01\01-12-01.csproj", "{9890D960-1FBE-4F70-880B-8838F637CEE0}"
EndProject
Project("{9A19103F-16F7-4668-BE54-9A1E7A4F7556}") = "09-12", "09-12\09-12.csproj", "{7300AB05-E7A3-48D0-B557-63FFC1822754}"
EndProject
Project("{9A19103F-16F7-4668-BE54-9A1E7A4F7556}") = "10-12", "10-12\10-12.csproj", "{CA791F0E-53A4-4E85-A88F-495B39B81C7A}"
EndProject
Project("{9A19103F-16F7-4668-BE54-9A1E7A4F7556}") = "11-12", "11-12\11-12.csproj", "{8B9C1791-40E1-429C-B024-041975305C94}"
EndProject
Project("{FAE04EC0-301F-11D3-BF4B-00C04F79EFBC}") = "12-12", "12-12\12-12.csproj", "{F4608040-838C-4DCD-BC19-FDAC862CB110}"
EndProject
Global
	GlobalSection(SolutionConfigurationPlatforms) = preSolution
		Debug|Any CPU = Debug|Any CPU
		Release|Any CPU = Release|Any CPU
	EndGlobalSection
	GlobalSection(ProjectConfigurationPlatforms) = postSolution
		{765B48D6-014D-40E1-BB06-615A1493642B}.Debug|Any CPU.ActiveCfg = Debug|Any CPU
		{765B48D6-014D-40E1-BB06-615A1493642B}.Debug|Any CPU.Build.0 = Debug|Any CPU
		{765B48D6-014D-40E1-BB06-615A1493642B}.Release|Any CPU.ActiveCfg = Release|Any CPU
		{765B48D6-014D-40E1-BB06-615A1493642B}.Release|Any CPU.Build.0 = Release|Any CPU
		{A3BB0FC8-E158-4CF8-9613-863AC75680C1}.Debug|Any CPU.ActiveCfg = Debug|Any CPU
		{A3BB0FC8-E158-4CF8-9613-863AC75680C1}.Debug|Any CPU.Build.0 = Debug|Any CPU
		{A3BB0FC8-E158-4CF8-9613-863AC75680C1}.Release|Any CPU.ActiveCfg = Release|Any CPU
		{A3BB0FC8-E158-4CF8-9613-863AC75680C1}.Release|Any CPU.Build.0 = Release|Any CPU
		{FBCC2DD2-E3A7-4C3B-BC81-DB18C61E251A}.Debug|Any CPU.ActiveCfg = Debug|Any CPU
		{FBCC2DD2-E3A7-4C3B-BC81-DB18C61E251A}.Debug|Any CPU.Build.0 = Debug|Any CPU
		{FBCC2DD2-E3A7-4C3B-BC81-DB18C61E251A}.Release|Any CPU.ActiveCfg = Release|Any CPU
		{FBCC2DD2-E3A7-4C3B-BC81-DB18C61E251A}.Release|Any CPU.Build.0 = Release|Any CPU
		{7534777C-3CC9-4C21-AE6A-C45C39CE1ED7}.Debug|Any CPU.ActiveCfg = Debug|Any CPU
		{7534777C-3CC9-4C21-AE6A-C45C39CE1ED7}.Debug|Any CPU.Build.0 = Debug|Any CPU
		{7534777C-3CC9-4C21-AE6A-C45C39CE1ED7}.Release|Any CPU.ActiveCfg = Release|Any CPU
		{7534777C-3CC9-4C21-AE6A-C45C39CE1ED7}.Release|Any CPU.Build.0 = Release|Any CPU
		{2345EDEE-28B8-41B0-8A30-62C37B6FC199}.Debug|Any CPU.ActiveCfg = Debug|Any CPU
		{2345EDEE-28B8-41B0-8A30-62C37B6FC199}.Debug|Any CPU.Build.0 = Debug|Any CPU
		{2345EDEE-28B8-41B0-8A30-62C37B6FC199}.Release|Any CPU.ActiveCfg = Release|Any CPU
		{2345EDEE-28B8-41B0-8A30-62C37B6FC199}.Release|Any CPU.Build.0 = Release|Any CPU
		{6CC9FF4E-DF91-41E7-AF6A-0628093B4381}.Debug|Any CPU.ActiveCfg = Debug|Any CPU
		{6CC9FF4E-DF91-41E7-AF6A-0628093B4381}.Debug|Any CPU.Build.0 = Debug|Any CPU
		{6CC9FF4E-DF91-41E7-AF6A-0628093B4381}.Release|Any CPU.ActiveCfg = Release|Any CPU
		{6CC9FF4E-DF91-41E7-AF6A-0628093B4381}.Release|Any CPU.Build.0 = Release|Any CPU
		{BF6D6457-3281-46C8-8763-1F728B250AC3}.Debug|Any CPU.ActiveCfg = Debug|Any CPU
		{BF6D6457-3281-46C8-8763-1F728B250AC3}.Debug|Any CPU.Build.0 = Debug|Any CPU
		{BF6D6457-3281-46C8-8763-1F728B250AC3}.Release|Any CPU.ActiveCfg = Release|Any CPU
		{BF6D6457-3281-46C8-8763-1F728B250AC3}.Release|Any CPU.Build.0 = Release|Any CPU
		{BA90A661-F0B0-4FC2-B587-76C9A9D63B43}.Debug|Any CPU.ActiveCfg = Debug|Any CPU
		{BA90A661-F0B0-4FC2-B587-76C9A9D63B43}.Debug|Any CPU.Build.0 = Debug|Any CPU
		{BA90A661-F0B0-4FC2-B587-76C9A9D63B43}.Release|Any CPU.ActiveCfg = Release|Any CPU
		{BA90A661-F0B0-4FC2-B587-76C9A9D63B43}.Release|Any CPU.Build.0 = Release|Any CPU
		{76D78BF4-A493-48D4-B7AF-4BA5F6F4B3DD}.Debug|Any CPU.ActiveCfg = Debug|Any CPU
		{76D78BF4-A493-48D4-B7AF-4BA5F6F4B3DD}.Debug|Any CPU.Build.0 = Debug|Any CPU
		{76D78BF4-A493-48D4-B7AF-4BA5F6F4B3DD}.Release|Any CPU.ActiveCfg = Release|Any CPU
		{76D78BF4-A493-48D4-B7AF-4BA5F6F4B3DD}.Release|Any CPU.Build.0 = Release|Any CPU
		{4C03A250-2042-4C09-8502-2D008F5454FD}.Debug|Any CPU.ActiveCfg = Debug|Any CPU
		{4C03A250-2042-4C09-8502-2D008F5454FD}.Debug|Any CPU.Build.0 = Debug|Any CPU
		{4C03A250-2042-4C09-8502-2D008F5454FD}.Release|Any CPU.ActiveCfg = Release|Any CPU
		{4C03A250-2042-4C09-8502-2D008F5454FD}.Release|Any CPU.Build.0 = Release|Any CPU
		{9890D960-1FBE-4F70-880B-8838F637CEE0}.Debug|Any CPU.ActiveCfg = Debug|Any CPU
		{9890D960-1FBE-4F70-880B-8838F637CEE0}.Debug|Any CPU.Build.0 = Debug|Any CPU
		{9890D960-1FBE-4F70-880B-8838F637CEE0}.Release|Any CPU.ActiveCfg = Release|Any CPU
		{9890D960-1FBE-4F70-880B-8838F637CEE0}.Release|Any CPU.Build.0 = Release|Any CPU
		{7300AB05-E7A3-48D0-B557-63FFC1822754}.Debug|Any CPU.ActiveCfg = Debug|Any CPU
		{7300AB05-E7A3-48D0-B557-63FFC1822754}.Debug|Any CPU.Build.0 = Debug|Any CPU
		{7300AB05-E7A3-48D0-B557-63FFC1822754}.Release|Any CPU.ActiveCfg = Release|Any CPU
		{7300AB05-E7A3-48D0-B557-63FFC1822754}.Release|Any CPU.Build.0 = Release|Any CPU
		{CA791F0E-53A4-4E85-A88F-495B39B81C7A}.Debug|Any CPU.ActiveCfg = Debug|Any CPU
		{CA791F0E-53A4-4E85-A88F-495B39B81C7A}.Debug|Any CPU.Build.0 = Debug|Any CPU
		{CA791F0E-53A4-4E85-A88F-495B39B81C7A}.Release|Any CPU.ActiveCfg = Release|Any CPU
		{CA791F0E-53A4-4E85-A88F-495B39B81C7A}.Release|Any CPU.Build.0 = Release|Any CPU
		{8B9C1791-40E1-429C-B024-041975305C94}.Debug|Any CPU.ActiveCfg = Debug|Any CPU
		{8B9C1791-40E1-429C-B024-041975305C94}.Debug|Any CPU.Build.0 = Debug|Any CPU
		{8B9C1791-40E1-429C-B024-041975305C94}.Release|Any CPU.ActiveCfg = Release|Any CPU
		{8B9C1791-40E1-429C-B024-041975305C94}.Release|Any CPU.Build.0 = Release|Any CPU
		{F4608040-838C-4DCD-BC19-FDAC862CB110}.Debug|Any CPU.ActiveCfg = Debug|Any CPU
		{F4608040-838C-4DCD-BC19-FDAC862CB110}.Debug|Any CPU.Build.0 = Debug|Any CPU
		{F4608040-838C-4DCD-BC19-FDAC862CB110}.Release|Any CPU.ActiveCfg = Release|Any CPU
		{F4608040-838C-4DCD-BC19-FDAC862CB110}.Release|Any CPU.Build.0 = Release|Any CPU
	EndGlobalSection
	GlobalSection(SolutionProperties) = preSolution
		HideSolutionNode = FALSE
	EndGlobalSection
	GlobalSection(ExtensibilityGlobals) = postSolution
		SolutionGuid = {B4E0B160-92F6-4A8B-9F44-164138C28C1B}
	EndGlobalSection
EndGlobal
