
Microsoft Visual Studio Solution File, Format Version 12.00
# Visual Studio Version 17
VisualStudioVersion = 17.11.35327.3
MinimumVisualStudioVersion = 10.0.40219.1
Project("{9A19103F-16F7-4668-BE54-9A1E7A4F7556}") = "AdventOfCode2024", "AdventOfCode2024.csproj", "{8DA63341-15CF-4F17-BB19-2DC152198B2D}"
EndProject
Project("{9A19103F-16F7-4668-BE54-9A1E7A4F7556}") = "01", "01\01.csproj", "{DE416B77-5AA7-4CFE-94B2-ADFCBAE46A0B}"
EndProject
Project("{9A19103F-16F7-4668-BE54-9A1E7A4F7556}") = "02", "02\02.csproj", "{C5E73E79-B572-4788-A5CB-1B408AC3DB0A}"
EndProject
Project("{FAE04EC0-301F-11D3-BF4B-00C04F79EFBC}") = "03", "03\03.csproj", "{23E9FC35-DE99-431D-A183-AB6A37905551}"
EndProject
Global
	GlobalSection(SolutionConfigurationPlatforms) = preSolution
		Debug|Any CPU = Debug|Any CPU
		Release|Any CPU = Release|Any CPU
	EndGlobalSection
	GlobalSection(ProjectConfigurationPlatforms) = postSolution
		{8DA63341-15CF-4F17-BB19-2DC152198B2D}.Debug|Any CPU.ActiveCfg = Debug|Any CPU
		{8DA63341-15CF-4F17-BB19-2DC152198B2D}.Debug|Any CPU.Build.0 = Debug|Any CPU
		{8DA63341-15CF-4F17-BB19-2DC152198B2D}.Release|Any CPU.ActiveCfg = Release|Any CPU
		{8DA63341-15CF-4F17-BB19-2DC152198B2D}.Release|Any CPU.Build.0 = Release|Any CPU
		{DE416B77-5AA7-4CFE-94B2-ADFCBAE46A0B}.Debug|Any CPU.ActiveCfg = Debug|Any CPU
		{DE416B77-5AA7-4CFE-94B2-ADFCBAE46A0B}.Debug|Any CPU.Build.0 = Debug|Any CPU
		{DE416B77-5AA7-4CFE-94B2-ADFCBAE46A0B}.Release|Any CPU.ActiveCfg = Release|Any CPU
		{DE416B77-5AA7-4CFE-94B2-ADFCBAE46A0B}.Release|Any CPU.Build.0 = Release|Any CPU
		{C5E73E79-B572-4788-A5CB-1B408AC3DB0A}.Debug|Any CPU.ActiveCfg = Debug|Any CPU
		{C5E73E79-B572-4788-A5CB-1B408AC3DB0A}.Debug|Any CPU.Build.0 = Debug|Any CPU
		{C5E73E79-B572-4788-A5CB-1B408AC3DB0A}.Release|Any CPU.ActiveCfg = Release|Any CPU
		{C5E73E79-B572-4788-A5CB-1B408AC3DB0A}.Release|Any CPU.Build.0 = Release|Any CPU
		{23E9FC35-DE99-431D-A183-AB6A37905551}.Debug|Any CPU.ActiveCfg = Debug|Any CPU
		{23E9FC35-DE99-431D-A183-AB6A37905551}.Debug|Any CPU.Build.0 = Debug|Any CPU
		{23E9FC35-DE99-431D-A183-AB6A37905551}.Release|Any CPU.ActiveCfg = Release|Any CPU
		{23E9FC35-DE99-431D-A183-AB6A37905551}.Release|Any CPU.Build.0 = Release|Any CPU
	EndGlobalSection
	GlobalSection(SolutionProperties) = preSolution
		HideSolutionNode = FALSE
	EndGlobalSection
	GlobalSection(ExtensibilityGlobals) = postSolution
		SolutionGuid = {8008A9BE-67F0-4107-910D-C3B8B895332B}
	EndGlobalSection
EndGlobal
